
Microsoft Visual Studio Solution File, Format Version 12.00
# Visual Studio 15
VisualStudioVersion = 15.0.28307.779
MinimumVisualStudioVersion = 10.0.40219.1
Project("{9A19103F-16F7-4668-BE54-9A1E7A4F7556}") = "BidAuction", "Practise\BidAuction.csproj", "{DFFB2FE9-B764-4944-878C-996E427C0475}"
EndProject
Project("{FAE04EC0-301F-11D3-BF4B-00C04F79EFBC}") = "AuctionRepo", "AuctionRepo\AuctionRepo.csproj", "{16E976C9-214C-4C38-9EEA-08998E38CFC2}"
EndProject
Project("{FAE04EC0-301F-11D3-BF4B-00C04F79EFBC}") = "Web", "Web\Web.csproj", "{A8BA7F0B-A605-4883-B40D-AB43199E1DE3}"
EndProject
Project("{FAE04EC0-301F-11D3-BF4B-00C04F79EFBC}") = "UnitTestProject1", "UnitTestProject1\UnitTestProject1.csproj", "{9A9B3F7C-35FC-4DE2-ACB4-52A7B6522A37}"
EndProject
Global
	GlobalSection(SolutionConfigurationPlatforms) = preSolution
		Debug|Any CPU = Debug|Any CPU
		Release|Any CPU = Release|Any CPU
	EndGlobalSection
	GlobalSection(ProjectConfigurationPlatforms) = postSolution
		{DFFB2FE9-B764-4944-878C-996E427C0475}.Debug|Any CPU.ActiveCfg = Debug|Any CPU
		{DFFB2FE9-B764-4944-878C-996E427C0475}.Debug|Any CPU.Build.0 = Debug|Any CPU
		{DFFB2FE9-B764-4944-878C-996E427C0475}.Release|Any CPU.ActiveCfg = Release|Any CPU
		{DFFB2FE9-B764-4944-878C-996E427C0475}.Release|Any CPU.Build.0 = Release|Any CPU
		{16E976C9-214C-4C38-9EEA-08998E38CFC2}.Debug|Any CPU.ActiveCfg = Debug|Any CPU
		{16E976C9-214C-4C38-9EEA-08998E38CFC2}.Debug|Any CPU.Build.0 = Debug|Any CPU
		{16E976C9-214C-4C38-9EEA-08998E38CFC2}.Release|Any CPU.ActiveCfg = Release|Any CPU
		{16E976C9-214C-4C38-9EEA-08998E38CFC2}.Release|Any CPU.Build.0 = Release|Any CPU
		{A8BA7F0B-A605-4883-B40D-AB43199E1DE3}.Debug|Any CPU.ActiveCfg = Debug|Any CPU
		{A8BA7F0B-A605-4883-B40D-AB43199E1DE3}.Debug|Any CPU.Build.0 = Debug|Any CPU
		{A8BA7F0B-A605-4883-B40D-AB43199E1DE3}.Release|Any CPU.ActiveCfg = Release|Any CPU
		{A8BA7F0B-A605-4883-B40D-AB43199E1DE3}.Release|Any CPU.Build.0 = Release|Any CPU
		{9A9B3F7C-35FC-4DE2-ACB4-52A7B6522A37}.Debug|Any CPU.ActiveCfg = Debug|Any CPU
		{9A9B3F7C-35FC-4DE2-ACB4-52A7B6522A37}.Debug|Any CPU.Build.0 = Debug|Any CPU
		{9A9B3F7C-35FC-4DE2-ACB4-52A7B6522A37}.Release|Any CPU.ActiveCfg = Release|Any CPU
		{9A9B3F7C-35FC-4DE2-ACB4-52A7B6522A37}.Release|Any CPU.Build.0 = Release|Any CPU
	EndGlobalSection
	GlobalSection(SolutionProperties) = preSolution
		HideSolutionNode = FALSE
	EndGlobalSection
	GlobalSection(ExtensibilityGlobals) = postSolution
		SolutionGuid = {82BE2F9D-61AC-4C43-9F93-2674D1F1C421}
	EndGlobalSection
EndGlobal
